<?xml version="1.0" encoding="utf-8"?>
<Project ToolsVersion="4.0" xmlns="http://schemas.microsoft.com/developer/msbuild/2003">
  <ItemGroup>
    <ClCompile Include="main.cpp" />
    <ClCompile Include="tiny_obj_loader.cc" />
    <ClCompile Include="renderer.cpp" />
    <ClCompile Include="DDSTextureLoader.cpp" />
  </ItemGroup>
  <ItemGroup>
    <ClInclude Include="tiny_obj_loader.h" />
    <ClInclude Include="renderer.h" />
    <ClInclude Include="dxutil.h" />
    <ClInclude Include="DDSTextureLoader.h" />
  </ItemGroup>
  <ItemGroup>
    <FxCompile Include="skybox.vs.hlsl">
      <Filter>Shaders</Filter>
    </FxCompile>
    <FxCompile Include="skybox.ps.hlsl">
      <Filter>Shaders</Filter>
    </FxCompile>
    <FxCompile Include="scene.vs.hlsl">
      <Filter>Shaders</Filter>
    </FxCompile>
    <FxCompile Include="scene.ps.hlsl">
      <Filter>Shaders</Filter>
    </FxCompile>
    <FxCompile Include="common.hlsl">
      <Filter>Shaders</Filter>
    </FxCompile>
  </ItemGroup>
  <ItemGroup>
    <Filter Include="Shaders">
      <UniqueIdentifier>{4849de7f-b1ba-4e07-b128-825834e4681e}</UniqueIdentifier>
    </Filter>
  </ItemGroup>
</Project>